// !$*UTF8*$!
{
	archiveVersion = 1;
	classes = {
	};
	objectVersion = 46;
	objects = {

/* Begin PBXBuildFile section */
		D553A0721A9FAAEA0013EEB4 /* AppDelegate.swift in Sources */ = {isa = PBXBuildFile; fileRef = D553A0711A9FAAEA0013EEB4 /* AppDelegate.swift */; };
		D553A0741A9FAAEA0013EEB4 /* ViewController.swift in Sources */ = {isa = PBXBuildFile; fileRef = D553A0731A9FAAEA0013EEB4 /* ViewController.swift */; };
		D553A0771A9FAAEA0013EEB4 /* Main.storyboard in Resources */ = {isa = PBXBuildFile; fileRef = D553A0751A9FAAEA0013EEB4 /* Main.storyboard */; };
		D553A0791A9FAAEA0013EEB4 /* Images.xcassets in Resources */ = {isa = PBXBuildFile; fileRef = D553A0781A9FAAEA0013EEB4 /* Images.xcassets */; };
		D553A07C1A9FAAEA0013EEB4 /* LaunchScreen.xib in Resources */ = {isa = PBXBuildFile; fileRef = D553A07A1A9FAAEA0013EEB4 /* LaunchScreen.xib */; };
		D553A0881A9FAAEB0013EEB4 /* ON_OFF_MachineTests.swift in Sources */ = {isa = PBXBuildFile; fileRef = D553A0871A9FAAEB0013EEB4 /* ON_OFF_MachineTests.swift */; };
/* End PBXBuildFile section */

/* Begin PBXContainerItemProxy section */
		D553A0821A9FAAEB0013EEB4 /* PBXContainerItemProxy */ = {
			isa = PBXContainerItemProxy;
			containerPortal = D553A0641A9FAAEA0013EEB4 /* Project object */;
			proxyType = 1;
			remoteGlobalIDString = D553A06B1A9FAAEA0013EEB4;
			remoteInfo = "ON-OFF-Machine";
		};
/* End PBXContainerItemProxy section */

/* Begin PBXFileReference section */
		D553A06C1A9FAAEA0013EEB4 /* ON-OFF-Machine.app */ = {isa = PBXFileReference; explicitFileType = wrapper.application; includeInIndex = 0; path = "ON-OFF-Machine.app"; sourceTree = BUILT_PRODUCTS_DIR; };
		D553A0701A9FAAEA0013EEB4 /* Info.plist */ = {isa = PBXFileReference; lastKnownFileType = text.plist.xml; path = Info.plist; sourceTree = "<group>"; };
		D553A0711A9FAAEA0013EEB4 /* AppDelegate.swift */ = {isa = PBXFileReference; lastKnownFileType = sourcecode.swift; path = AppDelegate.swift; sourceTree = "<group>"; };
		D553A0731A9FAAEA0013EEB4 /* ViewController.swift */ = {isa = PBXFileReference; lastKnownFileType = sourcecode.swift; path = ViewController.swift; sourceTree = "<group>"; };
		D553A0761A9FAAEA0013EEB4 /* Base */ = {isa = PBXFileReference; lastKnownFileType = file.storyboard; name = Base; path = Base.lproj/Main.storyboard; sourceTree = "<group>"; };
		D553A0781A9FAAEA0013EEB4 /* Images.xcassets */ = {isa = PBXFileReference; lastKnownFileType = folder.assetcatalog; path = Images.xcassets; sourceTree = "<group>"; };
		D553A07B1A9FAAEA0013EEB4 /* Base */ = {isa = PBXFileReference; lastKnownFileType = file.xib; name = Base; path = Base.lproj/LaunchScreen.xib; sourceTree = "<group>"; };
		D553A0811A9FAAEB0013EEB4 /* ON-OFF-MachineTests.xctest */ = {isa = PBXFileReference; explicitFileType = wrapper.cfbundle; includeInIndex = 0; path = "ON-OFF-MachineTests.xctest"; sourceTree = BUILT_PRODUCTS_DIR; };
		D553A0861A9FAAEB0013EEB4 /* Info.plist */ = {isa = PBXFileReference; lastKnownFileType = text.plist.xml; path = Info.plist; sourceTree = "<group>"; };
		D553A0871A9FAAEB0013EEB4 /* ON_OFF_MachineTests.swift */ = {isa = PBXFileReference; lastKnownFileType = sourcecode.swift; path = ON_OFF_MachineTests.swift; sourceTree = "<group>"; };
/* End PBXFileReference section */

/* Begin PBXFrameworksBuildPhase section */
		D553A0691A9FAAEA0013EEB4 /* Frameworks */ = {
			isa = PBXFrameworksBuildPhase;
			buildActionMask = 2147483647;
			files = (
			);
			runOnlyForDeploymentPostprocessing = 0;
		};
		D553A07E1A9FAAEB0013EEB4 /* Frameworks */ = {
			isa = PBXFrameworksBuildPhase;
			buildActionMask = 2147483647;
			files = (
			);
			runOnlyForDeploymentPostprocessing = 0;
		};
/* End PBXFrameworksBuildPhase section */

/* Begin PBXGroup section */
		D553A0631A9FAAEA0013EEB4 = {
			isa = PBXGroup;
			children = (
				D553A06E1A9FAAEA0013EEB4 /* ON-OFF-Machine */,
				D553A0841A9FAAEB0013EEB4 /* ON-OFF-MachineTests */,
				D553A06D1A9FAAEA0013EEB4 /* Products */,
			);
			sourceTree = "<group>";
		};
		D553A06D1A9FAAEA0013EEB4 /* Products */ = {
			isa = PBXGroup;
			children = (
				D553A06C1A9FAAEA0013EEB4 /* ON-OFF-Machine.app */,
				D553A0811A9FAAEB0013EEB4 /* ON-OFF-MachineTests.xctest */,
			);
			name = Products;
			sourceTree = "<group>";
		};
		D553A06E1A9FAAEA0013EEB4 /* ON-OFF-Machine */ = {
			isa = PBXGroup;
			children = (
				D553A0711A9FAAEA0013EEB4 /* AppDelegate.swift */,
				D553A0731A9FAAEA0013EEB4 /* ViewController.swift */,
				D553A0751A9FAAEA0013EEB4 /* Main.storyboard */,
				D553A0781A9FAAEA0013EEB4 /* Images.xcassets */,
				D553A07A1A9FAAEA0013EEB4 /* LaunchScreen.xib */,
				D553A06F1A9FAAEA0013EEB4 /* Supporting Files */,
			);
			path = "ON-OFF-Machine";
			sourceTree = "<group>";
		};
		D553A06F1A9FAAEA0013EEB4 /* Supporting Files */ = {
			isa = PBXGroup;
			children = (
				D553A0701A9FAAEA0013EEB4 /* Info.plist */,
			);
			name = "Supporting Files";
			sourceTree = "<group>";
		};
		D553A0841A9FAAEB0013EEB4 /* ON-OFF-MachineTests */ = {
			isa = PBXGroup;
			children = (
				D553A0871A9FAAEB0013EEB4 /* ON_OFF_MachineTests.swift */,
				D553A0851A9FAAEB0013EEB4 /* Supporting Files */,
			);
			path = "ON-OFF-MachineTests";
			sourceTree = "<group>";
		};
		D553A0851A9FAAEB0013EEB4 /* Supporting Files */ = {
			isa = PBXGroup;
			children = (
				D553A0861A9FAAEB0013EEB4 /* Info.plist */,
			);
			name = "Supporting Files";
			sourceTree = "<group>";
		};
/* End PBXGroup section */

/* Begin PBXNativeTarget section */
		D553A06B1A9FAAEA0013EEB4 /* ON-OFF-Machine */ = {
			isa = PBXNativeTarget;
			buildConfigurationList = D553A08B1A9FAAEB0013EEB4 /* Build configuration list for PBXNativeTarget "ON-OFF-Machine" */;
			buildPhases = (
				D553A0681A9FAAEA0013EEB4 /* Sources */,
				D553A0691A9FAAEA0013EEB4 /* Frameworks */,
				D553A06A1A9FAAEA0013EEB4 /* Resources */,
			);
			buildRules = (
			);
			dependencies = (
			);
			name = "ON-OFF-Machine";
			productName = "ON-OFF-Machine";
			productReference = D553A06C1A9FAAEA0013EEB4 /* ON-OFF-Machine.app */;
			productType = "com.apple.product-type.application";
		};
		D553A0801A9FAAEB0013EEB4 /* ON-OFF-MachineTests */ = {
			isa = PBXNativeTarget;
			buildConfigurationList = D553A08E1A9FAAEB0013EEB4 /* Build configuration list for PBXNativeTarget "ON-OFF-MachineTests" */;
			buildPhases = (
				D553A07D1A9FAAEB0013EEB4 /* Sources */,
				D553A07E1A9FAAEB0013EEB4 /* Frameworks */,
				D553A07F1A9FAAEB0013EEB4 /* Resources */,
			);
			buildRules = (
			);
			dependencies = (
				D553A0831A9FAAEB0013EEB4 /* PBXTargetDependency */,
			);
			name = "ON-OFF-MachineTests";
			productName = "ON-OFF-MachineTests";
			productReference = D553A0811A9FAAEB0013EEB4 /* ON-OFF-MachineTests.xctest */;
			productType = "com.apple.product-type.bundle.unit-test";
		};
/* End PBXNativeTarget section */

/* Begin PBXProject section */
		D553A0641A9FAAEA0013EEB4 /* Project object */ = {
			isa = PBXProject;
			attributes = {
				LastUpgradeCheck = 0610;
				ORGANIZATIONNAME = YuryG;
				TargetAttributes = {
					D553A06B1A9FAAEA0013EEB4 = {
						CreatedOnToolsVersion = 6.1.1;
					};
					D553A0801A9FAAEB0013EEB4 = {
						CreatedOnToolsVersion = 6.1.1;
						TestTargetID = D553A06B1A9FAAEA0013EEB4;
					};
				};
			};
			buildConfigurationList = D553A0671A9FAAEA0013EEB4 /* Build configuration list for PBXProject "ON-OFF-Machine" */;
			compatibilityVersion = "Xcode 3.2";
			developmentRegion = English;
			hasScannedForEncodings = 0;
			knownRegions = (
				en,
				Base,
			);
			mainGroup = D553A0631A9FAAEA0013EEB4;
			productRefGroup = D553A06D1A9FAAEA0013EEB4 /* Products */;
			projectDirPath = "";
			projectRoot = "";
			targets = (
				D553A06B1A9FAAEA0013EEB4 /* ON-OFF-Machine */,
				D553A0801A9FAAEB0013EEB4 /* ON-OFF-MachineTests */,
			);
		};
/* End PBXProject section */

/* Begin PBXResourcesBuildPhase section */
		D553A06A1A9FAAEA0013EEB4 /* Resources */ = {
			isa = PBXResourcesBuildPhase;
			buildActionMask = 2147483647;
			files = (
				D553A0771A9FAAEA0013EEB4 /* Main.storyboard in Resources */,
				D553A07C1A9FAAEA0013EEB4 /* LaunchScreen.xib in Resources */,
				D553A0791A9FAAEA0013EEB4 /* Images.xcassets in Resources */,
			);
			runOnlyForDeploymentPostprocessing = 0;
		};
		D553A07F1A9FAAEB0013EEB4 /* Resources */ = {
			isa = PBXResourcesBuildPhase;
			buildActionMask = 2147483647;
			files = (
			);
			runOnlyForDeploymentPostprocessing = 0;
		};
/* End PBXResourcesBuildPhase section */

/* Begin PBXSourcesBuildPhase section */
		D553A0681A9FAAEA0013EEB4 /* Sources */ = {
			isa = PBXSourcesBuildPhase;
			buildActionMask = 2147483647;
			files = (
				D553A0741A9FAAEA0013EEB4 /* ViewController.swift in Sources */,
				D553A0721A9FAAEA0013EEB4 /* AppDelegate.swift in Sources */,
			);
			runOnlyForDeploymentPostprocessing = 0;
		};
		D553A07D1A9FAAEB0013EEB4 /* Sources */ = {
			isa = PBXSourcesBuildPhase;
			buildActionMask = 2147483647;
			files = (
				D553A0881A9FAAEB0013EEB4 /* ON_OFF_MachineTests.swift in Sources */,
			);
			runOnlyForDeploymentPostprocessing = 0;
		};
/* End PBXSourcesBuildPhase section */

/* Begin PBXTargetDependency section */
		D553A0831A9FAAEB0013EEB4 /* PBXTargetDependency */ = {
			isa = PBXTargetDependency;
			target = D553A06B1A9FAAEA0013EEB4 /* ON-OFF-Machine */;
			targetProxy = D553A0821A9FAAEB0013EEB4 /* PBXContainerItemProxy */;
		};
/* End PBXTargetDependency section */

/* Begin PBXVariantGroup section */
		D553A0751A9FAAEA0013EEB4 /* Main.storyboard */ = {
			isa = PBXVariantGroup;
			children = (
				D553A0761A9FAAEA0013EEB4 /* Base */,
			);
			name = Main.storyboard;
			sourceTree = "<group>";
		};
		D553A07A1A9FAAEA0013EEB4 /* LaunchScreen.xib */ = {
			isa = PBXVariantGroup;
			children = (
				D553A07B1A9FAAEA0013EEB4 /* Base */,
			);
			name = LaunchScreen.xib;
			sourceTree = "<group>";
		};
/* End PBXVariantGroup section */

/* Begin XCBuildConfiguration section */
		D553A0891A9FAAEB0013EEB4 /* Debug */ = {
			isa = XCBuildConfiguration;
			buildSettings = {
				ALWAYS_SEARCH_USER_PATHS = NO;
				CLANG_CXX_LANGUAGE_STANDARD = "gnu++0x";
				CLANG_CXX_LIBRARY = "libc++";
				CLANG_ENABLE_MODULES = YES;
				CLANG_ENABLE_OBJC_ARC = YES;
				CLANG_WARN_BOOL_CONVERSION = YES;
				CLANG_WARN_CONSTANT_CONVERSION = YES;
				CLANG_WARN_DIRECT_OBJC_ISA_USAGE = YES_ERROR;
				CLANG_WARN_EMPTY_BODY = YES;
				CLANG_WARN_ENUM_CONVERSION = YES;
				CLANG_WARN_INT_CONVERSION = YES;
				CLANG_WARN_OBJC_ROOT_CLASS = YES_ERROR;
				CLANG_WARN_UNREACHABLE_CODE = YES;
				CLANG_WARN__DUPLICATE_METHOD_MATCH = YES;
				"CODE_SIGN_IDENTITY[sdk=iphoneos*]" = "iPhone Developer";
				COPY_PHASE_STRIP = NO;
				ENABLE_STRICT_OBJC_MSGSEND = YES;
				GCC_C_LANGUAGE_STANDARD = gnu99;
				GCC_DYNAMIC_NO_PIC = NO;
				GCC_OPTIMIZATION_LEVEL = 0;
				GCC_PREPROCESSOR_DEFINITIONS = (
					"DEBUG=1",
					"$(inherited)",
				);
				GCC_SYMBOLS_PRIVATE_EXTERN = NO;
				GCC_WARN_64_TO_32_BIT_CONVERSION = YES;
				GCC_WARN_ABOUT_RETURN_TYPE = YES_ERROR;
				GCC_WARN_UNDECLARED_SELECTOR = YES;
				GCC_WARN_UNINITIALIZED_AUTOS = YES_AGGRESSIVE;
				GCC_WARN_UNUSED_FUNCTION = YES;
				GCC_WARN_UNUSED_VARIABLE = YES;
				IPHONEOS_DEPLOYMENT_TARGET = 8.1;
				MTL_ENABLE_DEBUG_INFO = YES;
				ONLY_ACTIVE_ARCH = YES;
				SDKROOT = iphoneos;
				SWIFT_OPTIMIZATION_LEVEL = "-Onone";
			};
			name = Debug;
		};
		D553A08A1A9FAAEB0013EEB4 /* Release */ = {
			isa = XCBuildConfiguration;
			buildSettings = {
				ALWAYS_SEARCH_USER_PATHS = NO;
				CLANG_CXX_LANGUAGE_STANDARD = "gnu++0x";
				CLANG_CXX_LIBRARY = "libc++";
				CLANG_ENABLE_MODULES = YES;
				CLANG_ENABLE_OBJC_ARC = YES;
				CLANG_WARN_BOOL_CONVERSION = YES;
				CLANG_WARN_CONSTANT_CONVERSION = YES;
				CLANG_WARN_DIRECT_OBJC_ISA_USAGE = YES_ERROR;
				CLANG_WARN_EMPTY_BODY = YES;
				CLANG_WARN_ENUM_CONVERSION = YES;
				CLANG_WARN_INT_CONVERSION = YES;
				CLANG_WARN_OBJC_ROOT_CLASS = YES_ERROR;
				CLANG_WARN_UNREACHABLE_CODE = YES;
				CLANG_WARN__DUPLICATE_METHOD_MATCH = YES;
				"CODE_SIGN_IDENTITY[sdk=iphoneos*]" = "iPhone Developer";
				COPY_PHASE_STRIP = YES;
				ENABLE_NS_ASSERTIONS = NO;
				ENABLE_STRICT_OBJC_MSGSEND = YES;
				GCC_C_LANGUAGE_STANDARD = gnu99;
				GCC_WARN_64_TO_32_BIT_CONVERSION = YES;
				GCC_WARN_ABOUT_RETURN_TYPE = YES_ERROR;
				GCC_WARN_UNDECLARED_SELECTOR = YES;
				GCC_WARN_UNINITIALIZED_AUTOS = YES_AGGRESSIVE;
				GCC_WARN_UNUSED_FUNCTION = YES;
				GCC_WARN_UNUSED_VARIABLE = YES;
				IPHONEOS_DEPLOYMENT_TARGET = 8.1;
				MTL_ENABLE_DEBUG_INFO = NO;
				SDKROOT = iphoneos;
				VALIDATE_PRODUCT = YES;
			};
			name = Release;
		};
		D553A08C1A9FAAEB0013EEB4 /* Debug */ = {
			isa = XCBuildConfiguration;
			buildSettings = {
				ASSETCATALOG_COMPILER_APPICON_NAME = AppIcon;
				INFOPLIST_FILE = "ON-OFF-Machine/Info.plist";
				LD_RUNPATH_SEARCH_PATHS = "$(inherited) @executable_path/Frameworks";
				PRODUCT_NAME = "$(TARGET_NAME)";
			};
			name = Debug;
		};
		D553A08D1A9FAAEB0013EEB4 /* Release */ = {
			isa = XCBuildConfiguration;
			buildSettings = {
				ASSETCATALOG_COMPILER_APPICON_NAME = AppIcon;
				INFOPLIST_FILE = "ON-OFF-Machine/Info.plist";
				LD_RUNPATH_SEARCH_PATHS = "$(inherited) @executable_path/Frameworks";
				PRODUCT_NAME = "$(TARGET_NAME)";
			};
			name = Release;
		};
		D553A08F1A9FAAEB0013EEB4 /* Debug */ = {
			isa = XCBuildConfiguration;
			buildSettings = {
				BUNDLE_LOADER = "$(TEST_HOST)";
				FRAMEWORK_SEARCH_PATHS = (
					"$(SDKROOT)/Developer/Library/Frameworks",
					"$(inherited)",
				);
				GCC_PREPROCESSOR_DEFINITIONS = (
					"DEBUG=1",
					"$(inherited)",
				);
				INFOPLIST_FILE = "ON-OFF-MachineTests/Info.plist";
				LD_RUNPATH_SEARCH_PATHS = "$(inherited) @executable_path/Frameworks @loader_path/Frameworks";
				PRODUCT_NAME = "$(TARGET_NAME)";
				TEST_HOST = "$(BUILT_PRODUCTS_DIR)/ON-OFF-Machine.app/ON-OFF-Machine";
			};
			name = Debug;
		};
		D553A0901A9FAAEB0013EEB4 /* Release */ = {
			isa = XCBuildConfiguration;
			buildSettings = {
				BUNDLE_LOADER = "$(TEST_HOST)";
				FRAMEWORK_SEARCH_PATHS = (
					"$(SDKROOT)/Developer/Library/Frameworks",
					"$(inherited)",
				);
				INFOPLIST_FILE = "ON-OFF-MachineTests/Info.plist";
				LD_RUNPATH_SEARCH_PATHS = "$(inherited) @executable_path/Frameworks @loader_path/Frameworks";
				PRODUCT_NAME = "$(TARGET_NAME)";
				TEST_HOST = "$(BUILT_PRODUCTS_DIR)/ON-OFF-Machine.app/ON-OFF-Machine";
			};
			name = Release;
		};
/* End XCBuildConfiguration section */

/* Begin XCConfigurationList section */
		D553A0671A9FAAEA0013EEB4 /* Build configuration list for PBXProject "ON-OFF-Machine" */ = {
			isa = XCConfigurationList;
			buildConfigurations = (
				D553A0891A9FAAEB0013EEB4 /* Debug */,
				D553A08A1A9FAAEB0013EEB4 /* Release */,
			);
			defaultConfigurationIsVisible = 0;
			defaultConfigurationName = Release;
		};
		D553A08B1A9FAAEB0013EEB4 /* Build configuration list for PBXNativeTarget "ON-OFF-Machine" */ = {
			isa = XCConfigurationList;
			buildConfigurations = (
				D553A08C1A9FAAEB0013EEB4 /* Debug */,
				D553A08D1A9FAAEB0013EEB4 /* Release */,
			);
			defaultConfigurationIsVisible = 0;
		};
		D553A08E1A9FAAEB0013EEB4 /* Build configuration list for PBXNativeTarget "ON-OFF-MachineTests" */ = {
			isa = XCConfigurationList;
			buildConfigurations = (
				D553A08F1A9FAAEB0013EEB4 /* Debug */,
				D553A0901A9FAAEB0013EEB4 /* Release */,
			);
			defaultConfigurationIsVisible = 0;
		};
/* End XCConfigurationList section */
	};
	rootObject = D553A0641A9FAAEA0013EEB4 /* Project object */;
}
